
Microsoft Visual Studio Solution File, Format Version 12.00
# Visual Studio 14
VisualStudioVersion = 14.0.23107.0
MinimumVisualStudioVersion = 10.0.40219.1
Project("{E24C65DC-7377-472B-9ABA-BC803B73C61A}") = "seatingchart", ".", "{B6CBF622-27D4-47DD-AEAF-3D9DC20CFDED}"
	ProjectSection(WebsiteProperties) = preProject
		TargetFrameworkMoniker = ".NETFramework,Version%3Dv4.0"
		Debug.AspNetCompiler.VirtualPath = "/localhost_50505"
		Debug.AspNetCompiler.PhysicalPath = "..\seatingchart\"
		Debug.AspNetCompiler.TargetPath = "PrecompiledWeb\localhost_50505\"
		Debug.AspNetCompiler.Updateable = "true"
		Debug.AspNetCompiler.ForceOverwrite = "true"
		Debug.AspNetCompiler.FixedNames = "false"
		Debug.AspNetCompiler.Debug = "True"
		Release.AspNetCompiler.VirtualPath = "/localhost_50505"
		Release.AspNetCompiler.PhysicalPath = "..\seatingchart\"
		Release.AspNetCompiler.TargetPath = "PrecompiledWeb\localhost_50505\"
		Release.AspNetCompiler.Updateable = "true"
		Release.AspNetCompiler.ForceOverwrite = "true"
		Release.AspNetCompiler.FixedNames = "false"
		Release.AspNetCompiler.Debug = "False"
		VWDPort = "50505"
		SlnRelativePath = "..\seatingchart\"
	EndProjectSection
EndProject
Global
	GlobalSection(SolutionConfigurationPlatforms) = preSolution
		Debug|Any CPU = Debug|Any CPU
	EndGlobalSection
	GlobalSection(ProjectConfigurationPlatforms) = postSolution
		{B6CBF622-27D4-47DD-AEAF-3D9DC20CFDED}.Debug|Any CPU.ActiveCfg = Debug|Any CPU
		{B6CBF622-27D4-47DD-AEAF-3D9DC20CFDED}.Debug|Any CPU.Build.0 = Debug|Any CPU
	EndGlobalSection
	GlobalSection(SolutionProperties) = preSolution
		HideSolutionNode = FALSE
	EndGlobalSection
EndGlobal
